
Microsoft Visual Studio Solution File, Format Version 12.00
# Visual Studio Version 17
VisualStudioVersion = 17.3.32804.467
MinimumVisualStudioVersion = 10.0.40219.1
Project("{FAE04EC0-301F-11D3-BF4B-00C04F79EFBC}") = "audit.net-cancellation-token-test", "audit.net-cancellation-token-test.csproj", "{0A87E412-2A35-4D66-9828-F10A2C0A190E}"
EndProject
Global
	GlobalSection(SolutionConfigurationPlatforms) = preSolution
		Debug|Any CPU = Debug|Any CPU
		Release|Any CPU = Release|Any CPU
	EndGlobalSection
	GlobalSection(ProjectConfigurationPlatforms) = postSolution
		{0A87E412-2A35-4D66-9828-F10A2C0A190E}.Debug|Any CPU.ActiveCfg = Debug|Any CPU
		{0A87E412-2A35-4D66-9828-F10A2C0A190E}.Debug|Any CPU.Build.0 = Debug|Any CPU
		{0A87E412-2A35-4D66-9828-F10A2C0A190E}.Release|Any CPU.ActiveCfg = Release|Any CPU
		{0A87E412-2A35-4D66-9828-F10A2C0A190E}.Release|Any CPU.Build.0 = Release|Any CPU
	EndGlobalSection
	GlobalSection(SolutionProperties) = preSolution
		HideSolutionNode = FALSE
	EndGlobalSection
	GlobalSection(ExtensibilityGlobals) = postSolution
		SolutionGuid = {71AE4B44-57BA-483B-9E6C-5F63DE7600CB}
	EndGlobalSection
EndGlobal
